
Microsoft Visual Studio Solution File, Format Version 12.00
# Visual Studio 2013
VisualStudioVersion = 12.0.40629.0
MinimumVisualStudioVersion = 10.0.40219.1
Project("{FAE04EC0-301F-11D3-BF4B-00C04F79EFBC}") = "MSB Virus Scanner", "MSB Virus Scanner\MSB Virus Scanner.csproj", "{B360EAB1-A170-45D8-8140-8DE475688E56}"
EndProject
Project("{2150E333-8FDC-42A3-9474-1A3956D46DE8}") = "Solution Items", "Solution Items", "{8C78EDAD-2CB3-4A16-9B52-04CB9A786B16}"
	ProjectSection(SolutionItems) = preProject
		cli.png = cli.png
		config.png = config.png
		readme.md = readme.md
		screenshot.png = screenshot.png
		SharedAssemblyInfo.cs = SharedAssemblyInfo.cs
	EndProjectSection
EndProject
Project("{54435603-DBB4-11D2-8724-00A0C9A8B90C}") = "MSB Virus Sentry", "Setup\Setup.vdproj", "{F9EF3B01-629A-41D4-A453-5BD0044BB86F}"
EndProject
Global
	GlobalSection(SolutionConfigurationPlatforms) = preSolution
		Debug|Any CPU = Debug|Any CPU
		Public|Any CPU = Public|Any CPU
		PublicInstaller|Any CPU = PublicInstaller|Any CPU
		Publish|Any CPU = Publish|Any CPU
		Release|Any CPU = Release|Any CPU
		Server|Any CPU = Server|Any CPU
		Service|Any CPU = Service|Any CPU
	EndGlobalSection
	GlobalSection(ProjectConfigurationPlatforms) = postSolution
		{B360EAB1-A170-45D8-8140-8DE475688E56}.Debug|Any CPU.ActiveCfg = Debug|Any CPU
		{B360EAB1-A170-45D8-8140-8DE475688E56}.Debug|Any CPU.Build.0 = Debug|Any CPU
		{B360EAB1-A170-45D8-8140-8DE475688E56}.Public|Any CPU.ActiveCfg = Public|Any CPU
		{B360EAB1-A170-45D8-8140-8DE475688E56}.Public|Any CPU.Build.0 = Public|Any CPU
		{B360EAB1-A170-45D8-8140-8DE475688E56}.PublicInstaller|Any CPU.ActiveCfg = Public|Any CPU
		{B360EAB1-A170-45D8-8140-8DE475688E56}.PublicInstaller|Any CPU.Build.0 = Public|Any CPU
		{B360EAB1-A170-45D8-8140-8DE475688E56}.Publish|Any CPU.ActiveCfg = Release|Any CPU
		{B360EAB1-A170-45D8-8140-8DE475688E56}.Publish|Any CPU.Build.0 = Release|Any CPU
		{B360EAB1-A170-45D8-8140-8DE475688E56}.Release|Any CPU.ActiveCfg = Release|Any CPU
		{B360EAB1-A170-45D8-8140-8DE475688E56}.Release|Any CPU.Build.0 = Release|Any CPU
		{B360EAB1-A170-45D8-8140-8DE475688E56}.Server|Any CPU.ActiveCfg = Server|Any CPU
		{B360EAB1-A170-45D8-8140-8DE475688E56}.Server|Any CPU.Build.0 = Server|Any CPU
		{B360EAB1-A170-45D8-8140-8DE475688E56}.Service|Any CPU.ActiveCfg = Service|Any CPU
		{B360EAB1-A170-45D8-8140-8DE475688E56}.Service|Any CPU.Build.0 = Service|Any CPU
		{F9EF3B01-629A-41D4-A453-5BD0044BB86F}.Debug|Any CPU.ActiveCfg = Debug
		{F9EF3B01-629A-41D4-A453-5BD0044BB86F}.Public|Any CPU.ActiveCfg = Publish
		{F9EF3B01-629A-41D4-A453-5BD0044BB86F}.Public|Any CPU.Build.0 = Publish
		{F9EF3B01-629A-41D4-A453-5BD0044BB86F}.PublicInstaller|Any CPU.ActiveCfg = PublicInstaller
		{F9EF3B01-629A-41D4-A453-5BD0044BB86F}.PublicInstaller|Any CPU.Build.0 = PublicInstaller
		{F9EF3B01-629A-41D4-A453-5BD0044BB86F}.Publish|Any CPU.ActiveCfg = Publish
		{F9EF3B01-629A-41D4-A453-5BD0044BB86F}.Publish|Any CPU.Build.0 = Publish
		{F9EF3B01-629A-41D4-A453-5BD0044BB86F}.Release|Any CPU.ActiveCfg = Publish
		{F9EF3B01-629A-41D4-A453-5BD0044BB86F}.Server|Any CPU.ActiveCfg = Release
		{F9EF3B01-629A-41D4-A453-5BD0044BB86F}.Service|Any CPU.ActiveCfg = Release
	EndGlobalSection
	GlobalSection(SolutionProperties) = preSolution
		HideSolutionNode = FALSE
	EndGlobalSection
EndGlobal
